// !$*UTF8*$!
{
	archiveVersion = 1;
	classes = {
	};
	objectVersion = 46;
	objects = {

/* Begin PBXBuildFile section */
		04E063CEA5F25333EBDC1432 /* Pods_Instagram.framework in Frameworks */ = {isa = PBXBuildFile; fileRef = CD20445B7861917A02537403 /* Pods_Instagram.framework */; };
		C2284A0B1F5BB33200B0DBBE /* FeedViewController.swift in Sources */ = {isa = PBXBuildFile; fileRef = C2284A0A1F5BB33200B0DBBE /* FeedViewController.swift */; };
		C2284A0D1F5BC19800B0DBBE /* CustomPageViewController.swift in Sources */ = {isa = PBXBuildFile; fileRef = C2284A0C1F5BC19800B0DBBE /* CustomPageViewController.swift */; };
		C2284A0F1F5BC1F500B0DBBE /* CameraViewController.swift in Sources */ = {isa = PBXBuildFile; fileRef = C2284A0E1F5BC1F500B0DBBE /* CameraViewController.swift */; };
		C23720041F66D6F800A09094 /* Models.swift in Sources */ = {isa = PBXBuildFile; fileRef = C23720031F66D6F800A09094 /* Models.swift */; };
		C248A4A81F6DAE4600C6B621 /* FriendCell.swift in Sources */ = {isa = PBXBuildFile; fileRef = C248A4A71F6DAE4600C6B621 /* FriendCell.swift */; };
		C248A4AA1F6DBE9A00C6B621 /* CommentsViewController.swift in Sources */ = {isa = PBXBuildFile; fileRef = C248A4A91F6DBE9A00C6B621 /* CommentsViewController.swift */; };
		C28C36CC1F565E28004BCA5A /* AppDelegate.swift in Sources */ = {isa = PBXBuildFile; fileRef = C28C36CB1F565E28004BCA5A /* AppDelegate.swift */; };
		C28C36D41F565E28004BCA5A /* Instagram.xcdatamodeld in Sources */ = {isa = PBXBuildFile; fileRef = C28C36D21F565E28004BCA5A /* Instagram.xcdatamodeld */; };
		C28C36D61F565E28004BCA5A /* Assets.xcassets in Resources */ = {isa = PBXBuildFile; fileRef = C28C36D51F565E28004BCA5A /* Assets.xcassets */; };
		C28C36D91F565E28004BCA5A /* LaunchScreen.storyboard in Resources */ = {isa = PBXBuildFile; fileRef = C28C36D71F565E28004BCA5A /* LaunchScreen.storyboard */; };
		C28C36E11F565E45004BCA5A /* LoginViewController.swift in Sources */ = {isa = PBXBuildFile; fileRef = C28C36E01F565E45004BCA5A /* LoginViewController.swift */; };
		C2BEC9261F66243A009458FB /* ProfileImageViewController.swift in Sources */ = {isa = PBXBuildFile; fileRef = C2BEC9251F66243A009458FB /* ProfileImageViewController.swift */; };
		C2F053A31F68408100A960FE /* GoogleService-Info.plist in Resources */ = {isa = PBXBuildFile; fileRef = C2F053A21F68408100A960FE /* GoogleService-Info.plist */; };
		C2F053A51F6ADEB800A960FE /* FeedViewControllerExtension.swift in Sources */ = {isa = PBXBuildFile; fileRef = C2F053A41F6ADEB800A960FE /* FeedViewControllerExtension.swift */; };
		C2F053A71F6B52F400A960FE /* PostCell.swift in Sources */ = {isa = PBXBuildFile; fileRef = C2F053A61F6B52F400A960FE /* PostCell.swift */; };
		C2F053A91F6CC39200A960FE /* PhotoCell.swift in Sources */ = {isa = PBXBuildFile; fileRef = C2F053A81F6CC39200A960FE /* PhotoCell.swift */; };
		C2F053AB1F6CC63F00A960FE /* FriendsViewController.swift in Sources */ = {isa = PBXBuildFile; fileRef = C2F053AA1F6CC63F00A960FE /* FriendsViewController.swift */; };
/* End PBXBuildFile section */

/* Begin PBXFileReference section */
		BE68D2EBA9A242F07F0C8DEE /* Pods-Instagram.debug.xcconfig */ = {isa = PBXFileReference; includeInIndex = 1; lastKnownFileType = text.xcconfig; name = "Pods-Instagram.debug.xcconfig"; path = "Pods/Target Support Files/Pods-Instagram/Pods-Instagram.debug.xcconfig"; sourceTree = "<group>"; };
		C2284A0A1F5BB33200B0DBBE /* FeedViewController.swift */ = {isa = PBXFileReference; fileEncoding = 4; lastKnownFileType = sourcecode.swift; path = FeedViewController.swift; sourceTree = "<group>"; };
		C2284A0C1F5BC19800B0DBBE /* CustomPageViewController.swift */ = {isa = PBXFileReference; fileEncoding = 4; lastKnownFileType = sourcecode.swift; path = CustomPageViewController.swift; sourceTree = "<group>"; };
		C2284A0E1F5BC1F500B0DBBE /* CameraViewController.swift */ = {isa = PBXFileReference; fileEncoding = 4; lastKnownFileType = sourcecode.swift; path = CameraViewController.swift; sourceTree = "<group>"; };
		C23720031F66D6F800A09094 /* Models.swift */ = {isa = PBXFileReference; fileEncoding = 4; lastKnownFileType = sourcecode.swift; path = Models.swift; sourceTree = "<group>"; };
		C248A4A71F6DAE4600C6B621 /* FriendCell.swift */ = {isa = PBXFileReference; fileEncoding = 4; lastKnownFileType = sourcecode.swift; path = FriendCell.swift; sourceTree = "<group>"; };
		C248A4A91F6DBE9A00C6B621 /* CommentsViewController.swift */ = {isa = PBXFileReference; fileEncoding = 4; lastKnownFileType = sourcecode.swift; path = CommentsViewController.swift; sourceTree = "<group>"; };
		C28C36C81F565E28004BCA5A /* Instagram.app */ = {isa = PBXFileReference; explicitFileType = wrapper.application; includeInIndex = 0; path = Instagram.app; sourceTree = BUILT_PRODUCTS_DIR; };
		C28C36CB1F565E28004BCA5A /* AppDelegate.swift */ = {isa = PBXFileReference; lastKnownFileType = sourcecode.swift; path = AppDelegate.swift; sourceTree = "<group>"; };
		C28C36D31F565E28004BCA5A /* Instagram.xcdatamodel */ = {isa = PBXFileReference; lastKnownFileType = wrapper.xcdatamodel; path = Instagram.xcdatamodel; sourceTree = "<group>"; };
		C28C36D51F565E28004BCA5A /* Assets.xcassets */ = {isa = PBXFileReference; lastKnownFileType = folder.assetcatalog; path = Assets.xcassets; sourceTree = "<group>"; };
		C28C36D81F565E28004BCA5A /* Base */ = {isa = PBXFileReference; lastKnownFileType = file.storyboard; name = Base; path = Base.lproj/LaunchScreen.storyboard; sourceTree = "<group>"; };
		C28C36DA1F565E28004BCA5A /* Info.plist */ = {isa = PBXFileReference; lastKnownFileType = text.plist.xml; path = Info.plist; sourceTree = "<group>"; };
		C28C36E01F565E45004BCA5A /* LoginViewController.swift */ = {isa = PBXFileReference; fileEncoding = 4; lastKnownFileType = sourcecode.swift; path = LoginViewController.swift; sourceTree = "<group>"; };
		C2BEC9251F66243A009458FB /* ProfileImageViewController.swift */ = {isa = PBXFileReference; fileEncoding = 4; lastKnownFileType = sourcecode.swift; path = ProfileImageViewController.swift; sourceTree = "<group>"; };
		C2F053A21F68408100A960FE /* GoogleService-Info.plist */ = {isa = PBXFileReference; fileEncoding = 4; lastKnownFileType = text.plist.xml; path = "GoogleService-Info.plist"; sourceTree = "<group>"; };
		C2F053A41F6ADEB800A960FE /* FeedViewControllerExtension.swift */ = {isa = PBXFileReference; fileEncoding = 4; lastKnownFileType = sourcecode.swift; path = FeedViewControllerExtension.swift; sourceTree = "<group>"; };
		C2F053A61F6B52F400A960FE /* PostCell.swift */ = {isa = PBXFileReference; fileEncoding = 4; lastKnownFileType = sourcecode.swift; path = PostCell.swift; sourceTree = "<group>"; };
		C2F053A81F6CC39200A960FE /* PhotoCell.swift */ = {isa = PBXFileReference; fileEncoding = 4; lastKnownFileType = sourcecode.swift; path = PhotoCell.swift; sourceTree = "<group>"; };
		C2F053AA1F6CC63F00A960FE /* FriendsViewController.swift */ = {isa = PBXFileReference; fileEncoding = 4; lastKnownFileType = sourcecode.swift; path = FriendsViewController.swift; sourceTree = "<group>"; };
		CD20445B7861917A02537403 /* Pods_Instagram.framework */ = {isa = PBXFileReference; explicitFileType = wrapper.framework; includeInIndex = 0; path = Pods_Instagram.framework; sourceTree = BUILT_PRODUCTS_DIR; };
		D663018EC708E6A9900DA28D /* Pods-Instagram.release.xcconfig */ = {isa = PBXFileReference; includeInIndex = 1; lastKnownFileType = text.xcconfig; name = "Pods-Instagram.release.xcconfig"; path = "Pods/Target Support Files/Pods-Instagram/Pods-Instagram.release.xcconfig"; sourceTree = "<group>"; };
/* End PBXFileReference section */

/* Begin PBXFrameworksBuildPhase section */
		C28C36C51F565E28004BCA5A /* Frameworks */ = {
			isa = PBXFrameworksBuildPhase;
			buildActionMask = 2147483647;
			files = (
				04E063CEA5F25333EBDC1432 /* Pods_Instagram.framework in Frameworks */,
			);
			runOnlyForDeploymentPostprocessing = 0;
		};
/* End PBXFrameworksBuildPhase section */

/* Begin PBXGroup section */
		C28C36BF1F565E28004BCA5A = {
			isa = PBXGroup;
			children = (
				C28C36CA1F565E28004BCA5A /* Instagram */,
				C28C36C91F565E28004BCA5A /* Products */,
				C2E9C04C661EB328F472CA7D /* Pods */,
				C4FAF4ED078108AE82BA6C85 /* Frameworks */,
			);
			sourceTree = "<group>";
		};
		C28C36C91F565E28004BCA5A /* Products */ = {
			isa = PBXGroup;
			children = (
				C28C36C81F565E28004BCA5A /* Instagram.app */,
			);
			name = Products;
			sourceTree = "<group>";
		};
		C28C36CA1F565E28004BCA5A /* Instagram */ = {
			isa = PBXGroup;
			children = (
				C28C36CB1F565E28004BCA5A /* AppDelegate.swift */,
				C248A4A91F6DBE9A00C6B621 /* CommentsViewController.swift */,
				C28C36E01F565E45004BCA5A /* LoginViewController.swift */,
				C2284A0A1F5BB33200B0DBBE /* FeedViewController.swift */,
				C2F053A41F6ADEB800A960FE /* FeedViewControllerExtension.swift */,
				C2F053AA1F6CC63F00A960FE /* FriendsViewController.swift */,
				C248A4A71F6DAE4600C6B621 /* FriendCell.swift */,
				C2F053A81F6CC39200A960FE /* PhotoCell.swift */,
				C2F053A61F6B52F400A960FE /* PostCell.swift */,
				C23720031F66D6F800A09094 /* Models.swift */,
				C2BEC9251F66243A009458FB /* ProfileImageViewController.swift */,
				C2284A0C1F5BC19800B0DBBE /* CustomPageViewController.swift */,
				C2284A0E1F5BC1F500B0DBBE /* CameraViewController.swift */,
				C28C36D51F565E28004BCA5A /* Assets.xcassets */,
				C28C36D71F565E28004BCA5A /* LaunchScreen.storyboard */,
				C28C36DA1F565E28004BCA5A /* Info.plist */,
				C2F053A21F68408100A960FE /* GoogleService-Info.plist */,
				C28C36D21F565E28004BCA5A /* Instagram.xcdatamodeld */,
			);
			path = Instagram;
			sourceTree = "<group>";
		};
		C2E9C04C661EB328F472CA7D /* Pods */ = {
			isa = PBXGroup;
			children = (
				BE68D2EBA9A242F07F0C8DEE /* Pods-Instagram.debug.xcconfig */,
				D663018EC708E6A9900DA28D /* Pods-Instagram.release.xcconfig */,
			);
			name = Pods;
			sourceTree = "<group>";
		};
		C4FAF4ED078108AE82BA6C85 /* Frameworks */ = {
			isa = PBXGroup;
			children = (
				CD20445B7861917A02537403 /* Pods_Instagram.framework */,
			);
			name = Frameworks;
			sourceTree = "<group>";
		};
/* End PBXGroup section */

/* Begin PBXNativeTarget section */
		C28C36C71F565E28004BCA5A /* Instagram */ = {
			isa = PBXNativeTarget;
			buildConfigurationList = C28C36DD1F565E28004BCA5A /* Build configuration list for PBXNativeTarget "Instagram" */;
			buildPhases = (
				EE3C59AE110F6887C8A0377D /* [CP] Check Pods Manifest.lock */,
				C28C36C41F565E28004BCA5A /* Sources */,
				C28C36C51F565E28004BCA5A /* Frameworks */,
				C28C36C61F565E28004BCA5A /* Resources */,
				2C50B068175D117A35C886FB /* [CP] Embed Pods Frameworks */,
				72B93FCD2E502415ED9BA639 /* [CP] Copy Pods Resources */,
			);
			buildRules = (
			);
			dependencies = (
			);
			name = Instagram;
			productName = Instagram;
			productReference = C28C36C81F565E28004BCA5A /* Instagram.app */;
			productType = "com.apple.product-type.application";
		};
/* End PBXNativeTarget section */

/* Begin PBXProject section */
		C28C36C01F565E28004BCA5A /* Project object */ = {
			isa = PBXProject;
			attributes = {
				LastSwiftUpdateCheck = 0830;
				LastUpgradeCheck = 0830;
				ORGANIZATIONNAME = "Kevin Chan";
				TargetAttributes = {
					C28C36C71F565E28004BCA5A = {
						CreatedOnToolsVersion = 8.3.2;
						DevelopmentTeam = JAY3LN6548;
						ProvisioningStyle = Automatic;
					};
				};
			};
			buildConfigurationList = C28C36C31F565E28004BCA5A /* Build configuration list for PBXProject "Instagram" */;
			compatibilityVersion = "Xcode 3.2";
			developmentRegion = English;
			hasScannedForEncodings = 0;
			knownRegions = (
				en,
				Base,
			);
			mainGroup = C28C36BF1F565E28004BCA5A;
			productRefGroup = C28C36C91F565E28004BCA5A /* Products */;
			projectDirPath = "";
			projectRoot = "";
			targets = (
				C28C36C71F565E28004BCA5A /* Instagram */,
			);
		};
/* End PBXProject section */

/* Begin PBXResourcesBuildPhase section */
		C28C36C61F565E28004BCA5A /* Resources */ = {
			isa = PBXResourcesBuildPhase;
			buildActionMask = 2147483647;
			files = (
				C28C36D91F565E28004BCA5A /* LaunchScreen.storyboard in Resources */,
				C28C36D61F565E28004BCA5A /* Assets.xcassets in Resources */,
				C2F053A31F68408100A960FE /* GoogleService-Info.plist in Resources */,
			);
			runOnlyForDeploymentPostprocessing = 0;
		};
/* End PBXResourcesBuildPhase section */

/* Begin PBXShellScriptBuildPhase section */
		2C50B068175D117A35C886FB /* [CP] Embed Pods Frameworks */ = {
			isa = PBXShellScriptBuildPhase;
			buildActionMask = 2147483647;
			files = (
			);
			inputPaths = (
				"${SRCROOT}/Pods/Target Support Files/Pods-Instagram/Pods-Instagram-frameworks.sh",
				"${BUILT_PRODUCTS_DIR}/Alamofire/Alamofire.framework",
				"${BUILT_PRODUCTS_DIR}/GTMSessionFetcher/GTMSessionFetcher.framework",
				"${BUILT_PRODUCTS_DIR}/GoogleToolboxForMac/GoogleToolboxForMac.framework",
			);
			name = "[CP] Embed Pods Frameworks";
			outputPaths = (
				"${TARGET_BUILD_DIR}/${FRAMEWORKS_FOLDER_PATH}/Alamofire.framework",
				"${TARGET_BUILD_DIR}/${FRAMEWORKS_FOLDER_PATH}/GTMSessionFetcher.framework",
				"${TARGET_BUILD_DIR}/${FRAMEWORKS_FOLDER_PATH}/GoogleToolboxForMac.framework",
			);
			runOnlyForDeploymentPostprocessing = 0;
			shellPath = /bin/sh;
			shellScript = "\"${SRCROOT}/Pods/Target Support Files/Pods-Instagram/Pods-Instagram-frameworks.sh\"\n";
			showEnvVarsInLog = 0;
		};
		72B93FCD2E502415ED9BA639 /* [CP] Copy Pods Resources */ = {
			isa = PBXShellScriptBuildPhase;
			buildActionMask = 2147483647;
			files = (
			);
			inputPaths = (
			);
			name = "[CP] Copy Pods Resources";
			outputPaths = (
			);
			runOnlyForDeploymentPostprocessing = 0;
			shellPath = /bin/sh;
			shellScript = "\"${SRCROOT}/Pods/Target Support Files/Pods-Instagram/Pods-Instagram-resources.sh\"\n";
			showEnvVarsInLog = 0;
		};
		EE3C59AE110F6887C8A0377D /* [CP] Check Pods Manifest.lock */ = {
			isa = PBXShellScriptBuildPhase;
			buildActionMask = 2147483647;
			files = (
			);
			inputPaths = (
				"${PODS_PODFILE_DIR_PATH}/Podfile.lock",
				"${PODS_ROOT}/Manifest.lock",
			);
			name = "[CP] Check Pods Manifest.lock";
			outputPaths = (
				"$(DERIVED_FILE_DIR)/Pods-Instagram-checkManifestLockResult.txt",
			);
			runOnlyForDeploymentPostprocessing = 0;
			shellPath = /bin/sh;
			shellScript = "diff \"${PODS_PODFILE_DIR_PATH}/Podfile.lock\" \"${PODS_ROOT}/Manifest.lock\" > /dev/null\nif [ $? != 0 ] ; then\n    # print error to STDERR\n    echo \"error: The sandbox is not in sync with the Podfile.lock. Run 'pod install' or update your CocoaPods installation.\" >&2\n    exit 1\nfi\n# This output is used by Xcode 'outputs' to avoid re-running this script phase.\necho \"SUCCESS\" > \"${SCRIPT_OUTPUT_FILE_0}\"\n";
			showEnvVarsInLog = 0;
		};
/* End PBXShellScriptBuildPhase section */

/* Begin PBXSourcesBuildPhase section */
		C28C36C41F565E28004BCA5A /* Sources */ = {
			isa = PBXSourcesBuildPhase;
			buildActionMask = 2147483647;
			files = (
				C28C36E11F565E45004BCA5A /* LoginViewController.swift in Sources */,
				C28C36D41F565E28004BCA5A /* Instagram.xcdatamodeld in Sources */,
				C248A4AA1F6DBE9A00C6B621 /* CommentsViewController.swift in Sources */,
				C2284A0B1F5BB33200B0DBBE /* FeedViewController.swift in Sources */,
				C23720041F66D6F800A09094 /* Models.swift in Sources */,
				C2F053AB1F6CC63F00A960FE /* FriendsViewController.swift in Sources */,
				C2F053A51F6ADEB800A960FE /* FeedViewControllerExtension.swift in Sources */,
				C2284A0D1F5BC19800B0DBBE /* CustomPageViewController.swift in Sources */,
				C28C36CC1F565E28004BCA5A /* AppDelegate.swift in Sources */,
				C2284A0F1F5BC1F500B0DBBE /* CameraViewController.swift in Sources */,
				C2BEC9261F66243A009458FB /* ProfileImageViewController.swift in Sources */,
				C2F053A91F6CC39200A960FE /* PhotoCell.swift in Sources */,
				C248A4A81F6DAE4600C6B621 /* FriendCell.swift in Sources */,
				C2F053A71F6B52F400A960FE /* PostCell.swift in Sources */,
			);
			runOnlyForDeploymentPostprocessing = 0;
		};
/* End PBXSourcesBuildPhase section */

/* Begin PBXVariantGroup section */
		C28C36D71F565E28004BCA5A /* LaunchScreen.storyboard */ = {
			isa = PBXVariantGroup;
			children = (
				C28C36D81F565E28004BCA5A /* Base */,
			);
			name = LaunchScreen.storyboard;
			sourceTree = "<group>";
		};
/* End PBXVariantGroup section */

/* Begin XCBuildConfiguration section */
		C28C36DB1F565E28004BCA5A /* Debug */ = {
			isa = XCBuildConfiguration;
			buildSettings = {
				ALWAYS_SEARCH_USER_PATHS = NO;
				CLANG_ANALYZER_NONNULL = YES;
				CLANG_ANALYZER_NUMBER_OBJECT_CONVERSION = YES_AGGRESSIVE;
				CLANG_CXX_LANGUAGE_STANDARD = "gnu++0x";
				CLANG_CXX_LIBRARY = "libc++";
				CLANG_ENABLE_MODULES = YES;
				CLANG_ENABLE_OBJC_ARC = YES;
				CLANG_WARN_BOOL_CONVERSION = YES;
				CLANG_WARN_CONSTANT_CONVERSION = YES;
				CLANG_WARN_DIRECT_OBJC_ISA_USAGE = YES_ERROR;
				CLANG_WARN_DOCUMENTATION_COMMENTS = YES;
				CLANG_WARN_EMPTY_BODY = YES;
				CLANG_WARN_ENUM_CONVERSION = YES;
				CLANG_WARN_INFINITE_RECURSION = YES;
				CLANG_WARN_INT_CONVERSION = YES;
				CLANG_WARN_OBJC_ROOT_CLASS = YES_ERROR;
				CLANG_WARN_SUSPICIOUS_MOVE = YES;
				CLANG_WARN_UNREACHABLE_CODE = YES;
				CLANG_WARN__DUPLICATE_METHOD_MATCH = YES;
				"CODE_SIGN_IDENTITY[sdk=iphoneos*]" = "iPhone Developer";
				COPY_PHASE_STRIP = NO;
				DEBUG_INFORMATION_FORMAT = dwarf;
				ENABLE_STRICT_OBJC_MSGSEND = YES;
				ENABLE_TESTABILITY = YES;
				GCC_C_LANGUAGE_STANDARD = gnu99;
				GCC_DYNAMIC_NO_PIC = NO;
				GCC_NO_COMMON_BLOCKS = YES;
				GCC_OPTIMIZATION_LEVEL = 0;
				GCC_PREPROCESSOR_DEFINITIONS = (
					"DEBUG=1",
					"$(inherited)",
				);
				GCC_WARN_64_TO_32_BIT_CONVERSION = YES;
				GCC_WARN_ABOUT_RETURN_TYPE = YES_ERROR;
				GCC_WARN_UNDECLARED_SELECTOR = YES;
				GCC_WARN_UNINITIALIZED_AUTOS = YES_AGGRESSIVE;
				GCC_WARN_UNUSED_FUNCTION = YES;
				GCC_WARN_UNUSED_VARIABLE = YES;
				IPHONEOS_DEPLOYMENT_TARGET = 10.3;
				MTL_ENABLE_DEBUG_INFO = YES;
				ONLY_ACTIVE_ARCH = YES;
				SDKROOT = iphoneos;
				SWIFT_ACTIVE_COMPILATION_CONDITIONS = DEBUG;
				SWIFT_OPTIMIZATION_LEVEL = "-Onone";
				TARGETED_DEVICE_FAMILY = "1,2";
			};
			name = Debug;
		};
		C28C36DC1F565E28004BCA5A /* Release */ = {
			isa = XCBuildConfiguration;
			buildSettings = {
				ALWAYS_SEARCH_USER_PATHS = NO;
				CLANG_ANALYZER_NONNULL = YES;
				CLANG_ANALYZER_NUMBER_OBJECT_CONVERSION = YES_AGGRESSIVE;
				CLANG_CXX_LANGUAGE_STANDARD = "gnu++0x";
				CLANG_CXX_LIBRARY = "libc++";
				CLANG_ENABLE_MODULES = YES;
				CLANG_ENABLE_OBJC_ARC = YES;
				CLANG_WARN_BOOL_CONVERSION = YES;
				CLANG_WARN_CONSTANT_CONVERSION = YES;
				CLANG_WARN_DIRECT_OBJC_ISA_USAGE = YES_ERROR;
				CLANG_WARN_DOCUMENTATION_COMMENTS = YES;
				CLANG_WARN_EMPTY_BODY = YES;
				CLANG_WARN_ENUM_CONVERSION = YES;
				CLANG_WARN_INFINITE_RECURSION = YES;
				CLANG_WARN_INT_CONVERSION = YES;
				CLANG_WARN_OBJC_ROOT_CLASS = YES_ERROR;
				CLANG_WARN_SUSPICIOUS_MOVE = YES;
				CLANG_WARN_UNREACHABLE_CODE = YES;
				CLANG_WARN__DUPLICATE_METHOD_MATCH = YES;
				"CODE_SIGN_IDENTITY[sdk=iphoneos*]" = "iPhone Developer";
				COPY_PHASE_STRIP = NO;
				DEBUG_INFORMATION_FORMAT = "dwarf-with-dsym";
				ENABLE_NS_ASSERTIONS = NO;
				ENABLE_STRICT_OBJC_MSGSEND = YES;
				GCC_C_LANGUAGE_STANDARD = gnu99;
				GCC_NO_COMMON_BLOCKS = YES;
				GCC_WARN_64_TO_32_BIT_CONVERSION = YES;
				GCC_WARN_ABOUT_RETURN_TYPE = YES_ERROR;
				GCC_WARN_UNDECLARED_SELECTOR = YES;
				GCC_WARN_UNINITIALIZED_AUTOS = YES_AGGRESSIVE;
				GCC_WARN_UNUSED_FUNCTION = YES;
				GCC_WARN_UNUSED_VARIABLE = YES;
				IPHONEOS_DEPLOYMENT_TARGET = 10.3;
				MTL_ENABLE_DEBUG_INFO = NO;
				SDKROOT = iphoneos;
				SWIFT_OPTIMIZATION_LEVEL = "-Owholemodule";
				TARGETED_DEVICE_FAMILY = "1,2";
				VALIDATE_PRODUCT = YES;
			};
			name = Release;
		};
		C28C36DE1F565E28004BCA5A /* Debug */ = {
			isa = XCBuildConfiguration;
			baseConfigurationReference = BE68D2EBA9A242F07F0C8DEE /* Pods-Instagram.debug.xcconfig */;
			buildSettings = {
				ASSETCATALOG_COMPILER_APPICON_NAME = AppIcon;
				DEVELOPMENT_TEAM = JAY3LN6548;
				INFOPLIST_FILE = Instagram/Info.plist;
				LD_RUNPATH_SEARCH_PATHS = "$(inherited) @executable_path/Frameworks";
				PRODUCT_BUNDLE_IDENTIFIER = kevinchan.Instagram;
				PRODUCT_NAME = "$(TARGET_NAME)";
				SWIFT_VERSION = 3.0;
			};
			name = Debug;
		};
		C28C36DF1F565E28004BCA5A /* Release */ = {
			isa = XCBuildConfiguration;
			baseConfigurationReference = D663018EC708E6A9900DA28D /* Pods-Instagram.release.xcconfig */;
			buildSettings = {
				ASSETCATALOG_COMPILER_APPICON_NAME = AppIcon;
				DEVELOPMENT_TEAM = JAY3LN6548;
				INFOPLIST_FILE = Instagram/Info.plist;
				LD_RUNPATH_SEARCH_PATHS = "$(inherited) @executable_path/Frameworks";
				PRODUCT_BUNDLE_IDENTIFIER = kevinchan.Instagram;
				PRODUCT_NAME = "$(TARGET_NAME)";
				SWIFT_VERSION = 3.0;
			};
			name = Release;
		};
/* End XCBuildConfiguration section */

/* Begin XCConfigurationList section */
		C28C36C31F565E28004BCA5A /* Build configuration list for PBXProject "Instagram" */ = {
			isa = XCConfigurationList;
			buildConfigurations = (
				C28C36DB1F565E28004BCA5A /* Debug */,
				C28C36DC1F565E28004BCA5A /* Release */,
			);
			defaultConfigurationIsVisible = 0;
			defaultConfigurationName = Release;
		};
		C28C36DD1F565E28004BCA5A /* Build configuration list for PBXNativeTarget "Instagram" */ = {
			isa = XCConfigurationList;
			buildConfigurations = (
				C28C36DE1F565E28004BCA5A /* Debug */,
				C28C36DF1F565E28004BCA5A /* Release */,
			);
			defaultConfigurationIsVisible = 0;
			defaultConfigurationName = Release;
		};
/* End XCConfigurationList section */

/* Begin XCVersionGroup section */
		C28C36D21F565E28004BCA5A /* Instagram.xcdatamodeld */ = {
			isa = XCVersionGroup;
			children = (
				C28C36D31F565E28004BCA5A /* Instagram.xcdatamodel */,
			);
			currentVersion = C28C36D31F565E28004BCA5A /* Instagram.xcdatamodel */;
			path = Instagram.xcdatamodeld;
			sourceTree = "<group>";
			versionGroupType = wrapper.xcdatamodel;
		};
/* End XCVersionGroup section */
	};
	rootObject = C28C36C01F565E28004BCA5A /* Project object */;
}
